{
  "name": "Deezer-Get-Random-Album",
  "lockfileVersion": 2,
  "requires": true,
  "packages": {
    "": {
      "dependencies": {
        "deezer-public-api": "^1.0.4"
      }
    },
    "node_modules/deezer-public-api": {
      "version": "1.0.4",
      "resolved": "https://registry.npmjs.org/deezer-public-api/-/deezer-public-api-1.0.4.tgz",
      "integrity": "sha512-OFJeOU1ArGjgW4+eNpqkKh3SYTg9hjc3vVe3BRWOxFk1lMTM6J2Zk1kkilt74VWtMGMFpFFkUvL+D3nbHd6BnQ==",
      "dependencies": {
        "node-fetch": "2.6.1"
      }
    },
    "node_modules/node-fetch": {
      "version": "2.6.1",
      "resolved": "https://registry.npmjs.org/node-fetch/-/node-fetch-2.6.1.tgz",
      "integrity": "sha512-V4aYg89jEoVRxRb2fJdAg8FHvI7cEyYdVAh94HH0UIK8oJxUfkjlDQN9RbMx+bEjP7+ggMiFRprSti032Oipxw==",
      "engines": {
        "node": "4.x || >=6.0.0"
      }
    }
  },
  "dependencies": {
    "deezer-public-api": {
      "version": "1.0.4",
      "resolved": "https://registry.npmjs.org/deezer-public-api/-/deezer-public-api-1.0.4.tgz",
      "integrity": "sha512-OFJeOU1ArGjgW4+eNpqkKh3SYTg9hjc3vVe3BRWOxFk1lMTM6J2Zk1kkilt74VWtMGMFpFFkUvL+D3nbHd6BnQ==",
      "requires": {
        "node-fetch": "2.6.1"
      }
    },
    "node-fetch": {
      "version": "2.6.1",
      "resolved": "https://registry.npmjs.org/node-fetch/-/node-fetch-2.6.1.tgz",
      "integrity": "sha512-V4aYg89jEoVRxRb2fJdAg8FHvI7cEyYdVAh94HH0UIK8oJxUfkjlDQN9RbMx+bEjP7+ggMiFRprSti032Oipxw=="
    }
  }
}
